
Microsoft Visual Studio Solution File, Format Version 12.00
# Visual Studio Version 16
VisualStudioVersion = 25.0.1705.4
MinimumVisualStudioVersion = 10.0.40219.1
Project("{FAE04EC0-301F-11D3-BF4B-00C04F79EFBC}") = "Ex1Task2", "Ex1Task2\Ex1Task2.csproj", "{E357C0F4-8371-460E-9DAF-7FCCDA4E55EA}"
EndProject
Global
	GlobalSection(SolutionConfigurationPlatforms) = preSolution
		Debug|Any CPU = Debug|Any CPU
		Release|Any CPU = Release|Any CPU
	EndGlobalSection
	GlobalSection(ProjectConfigurationPlatforms) = postSolution
		{E357C0F4-8371-460E-9DAF-7FCCDA4E55EA}.Debug|Any CPU.ActiveCfg = Debug|Any CPU
		{E357C0F4-8371-460E-9DAF-7FCCDA4E55EA}.Debug|Any CPU.Build.0 = Debug|Any CPU
		{E357C0F4-8371-460E-9DAF-7FCCDA4E55EA}.Release|Any CPU.ActiveCfg = Release|Any CPU
		{E357C0F4-8371-460E-9DAF-7FCCDA4E55EA}.Release|Any CPU.Build.0 = Release|Any CPU
	EndGlobalSection
	GlobalSection(SolutionProperties) = preSolution
		HideSolutionNode = FALSE
	EndGlobalSection
	GlobalSection(ExtensibilityGlobals) = postSolution
		SolutionGuid = {6A83A374-C686-464C-AC17-6AC1DB907336}
	EndGlobalSection
EndGlobal
