
Microsoft Visual Studio Solution File, Format Version 12.00
# Visual Studio Version 16
VisualStudioVersion = 25.0.1705.4
MinimumVisualStudioVersion = 10.0.40219.1
Project("{FAE04EC0-301F-11D3-BF4B-00C04F79EFBC}") = "Ex4Task1", "Ex4Task1\Ex4Task1.csproj", "{14855803-00BC-4908-ACA5-EE90F8027667}"
EndProject
Global
	GlobalSection(SolutionConfigurationPlatforms) = preSolution
		Debug|Any CPU = Debug|Any CPU
		Release|Any CPU = Release|Any CPU
	EndGlobalSection
	GlobalSection(ProjectConfigurationPlatforms) = postSolution
		{14855803-00BC-4908-ACA5-EE90F8027667}.Debug|Any CPU.ActiveCfg = Debug|Any CPU
		{14855803-00BC-4908-ACA5-EE90F8027667}.Debug|Any CPU.Build.0 = Debug|Any CPU
		{14855803-00BC-4908-ACA5-EE90F8027667}.Release|Any CPU.ActiveCfg = Release|Any CPU
		{14855803-00BC-4908-ACA5-EE90F8027667}.Release|Any CPU.Build.0 = Release|Any CPU
	EndGlobalSection
	GlobalSection(SolutionProperties) = preSolution
		HideSolutionNode = FALSE
	EndGlobalSection
	GlobalSection(ExtensibilityGlobals) = postSolution
		SolutionGuid = {883FD43D-5FDD-439B-A331-8787A07A3028}
	EndGlobalSection
EndGlobal
